
Microsoft Visual Studio Solution File, Format Version 12.00
# Visual Studio Version 17
VisualStudioVersion = 17.4.33205.214
MinimumVisualStudioVersion = 10.0.40219.1
Project("{9A19103F-16F7-4668-BE54-9A1E7A4F7556}") = "KidsLearn.Server", "KidsLearn\Server\KidsLearn.Server.csproj", "{2D5571F4-E1E6-4618-94AD-A3328E49FFDA}"
EndProject
Project("{9A19103F-16F7-4668-BE54-9A1E7A4F7556}") = "KidsLearn.Client", "KidsLearn\Client\KidsLearn.Client.csproj", "{CAA26CBF-F5FD-4586-98EF-851C0BAA12F9}"
EndProject
Project("{9A19103F-16F7-4668-BE54-9A1E7A4F7556}") = "KidsLearn.Shared", "KidsLearn\Shared\KidsLearn.Shared.csproj", "{736691C0-67C4-405B-B70E-C84B08DCB6BA}"
EndProject
Project("{FAE04EC0-301F-11D3-BF4B-00C04F79EFBC}") = "KidsLearn.UnitTests", "KidsLearn.UnitTests\KidsLearn.UnitTests.csproj", "{9FC2F0DF-54A5-4609-92BF-67C8FEF39EFC}"
EndProject
Global
	GlobalSection(SolutionConfigurationPlatforms) = preSolution
		Debug|Any CPU = Debug|Any CPU
		Release|Any CPU = Release|Any CPU
	EndGlobalSection
	GlobalSection(ProjectConfigurationPlatforms) = postSolution
		{2D5571F4-E1E6-4618-94AD-A3328E49FFDA}.Debug|Any CPU.ActiveCfg = Debug|Any CPU
		{2D5571F4-E1E6-4618-94AD-A3328E49FFDA}.Debug|Any CPU.Build.0 = Debug|Any CPU
		{2D5571F4-E1E6-4618-94AD-A3328E49FFDA}.Release|Any CPU.ActiveCfg = Release|Any CPU
		{2D5571F4-E1E6-4618-94AD-A3328E49FFDA}.Release|Any CPU.Build.0 = Release|Any CPU
		{CAA26CBF-F5FD-4586-98EF-851C0BAA12F9}.Debug|Any CPU.ActiveCfg = Debug|Any CPU
		{CAA26CBF-F5FD-4586-98EF-851C0BAA12F9}.Debug|Any CPU.Build.0 = Debug|Any CPU
		{CAA26CBF-F5FD-4586-98EF-851C0BAA12F9}.Release|Any CPU.ActiveCfg = Release|Any CPU
		{CAA26CBF-F5FD-4586-98EF-851C0BAA12F9}.Release|Any CPU.Build.0 = Release|Any CPU
		{736691C0-67C4-405B-B70E-C84B08DCB6BA}.Debug|Any CPU.ActiveCfg = Debug|Any CPU
		{736691C0-67C4-405B-B70E-C84B08DCB6BA}.Debug|Any CPU.Build.0 = Debug|Any CPU
		{736691C0-67C4-405B-B70E-C84B08DCB6BA}.Release|Any CPU.ActiveCfg = Release|Any CPU
		{736691C0-67C4-405B-B70E-C84B08DCB6BA}.Release|Any CPU.Build.0 = Release|Any CPU
		{9FC2F0DF-54A5-4609-92BF-67C8FEF39EFC}.Debug|Any CPU.ActiveCfg = Debug|Any CPU
		{9FC2F0DF-54A5-4609-92BF-67C8FEF39EFC}.Debug|Any CPU.Build.0 = Debug|Any CPU
		{9FC2F0DF-54A5-4609-92BF-67C8FEF39EFC}.Release|Any CPU.ActiveCfg = Release|Any CPU
		{9FC2F0DF-54A5-4609-92BF-67C8FEF39EFC}.Release|Any CPU.Build.0 = Release|Any CPU
	EndGlobalSection
	GlobalSection(SolutionProperties) = preSolution
		HideSolutionNode = FALSE
	EndGlobalSection
	GlobalSection(ExtensibilityGlobals) = postSolution
		SolutionGuid = {58F3C0C1-9E91-4D76-98A0-5504EF95CA17}
	EndGlobalSection
EndGlobal
